
Microsoft Visual Studio Solution File, Format Version 12.00
# Visual Studio Version 16
VisualStudioVersion = 16.0.29519.87
MinimumVisualStudioVersion = 10.0.40219.1
Project("{FAE04EC0-301F-11D3-BF4B-00C04F79EFBC}") = "Invoice", "Invoice.csproj", "{22D26DDA-EA5F-4F1F-AD23-4B73A64B810E}"
EndProject
Global
	GlobalSection(SolutionConfigurationPlatforms) = preSolution
		Debug|Any CPU = Debug|Any CPU
		Release|Any CPU = Release|Any CPU
	EndGlobalSection
	GlobalSection(ProjectConfigurationPlatforms) = postSolution
		{22D26DDA-EA5F-4F1F-AD23-4B73A64B810E}.Debug|Any CPU.ActiveCfg = Debug|Any CPU
		{22D26DDA-EA5F-4F1F-AD23-4B73A64B810E}.Debug|Any CPU.Build.0 = Debug|Any CPU
		{22D26DDA-EA5F-4F1F-AD23-4B73A64B810E}.Release|Any CPU.ActiveCfg = Release|Any CPU
		{22D26DDA-EA5F-4F1F-AD23-4B73A64B810E}.Release|Any CPU.Build.0 = Release|Any CPU
	EndGlobalSection
	GlobalSection(SolutionProperties) = preSolution
		HideSolutionNode = FALSE
	EndGlobalSection
	GlobalSection(ExtensibilityGlobals) = postSolution
		SolutionGuid = {F269E1F7-05CA-4EC4-8F81-16CD54BC6540}
	EndGlobalSection
EndGlobal
