
Microsoft Visual Studio Solution File, Format Version 12.00
# Visual Studio Version 16
VisualStudioVersion = 16.0.29519.87
MinimumVisualStudioVersion = 10.0.40219.1
Project("{FAE04EC0-301F-11D3-BF4B-00C04F79EFBC}") = "Bonus", "Bonus.csproj", "{F2E91EEF-5480-4F58-84D0-E36B4BBCC3BC}"
EndProject
Global
	GlobalSection(SolutionConfigurationPlatforms) = preSolution
		Debug|Any CPU = Debug|Any CPU
		Release|Any CPU = Release|Any CPU
	EndGlobalSection
	GlobalSection(ProjectConfigurationPlatforms) = postSolution
		{F2E91EEF-5480-4F58-84D0-E36B4BBCC3BC}.Debug|Any CPU.ActiveCfg = Debug|Any CPU
		{F2E91EEF-5480-4F58-84D0-E36B4BBCC3BC}.Debug|Any CPU.Build.0 = Debug|Any CPU
		{F2E91EEF-5480-4F58-84D0-E36B4BBCC3BC}.Release|Any CPU.ActiveCfg = Release|Any CPU
		{F2E91EEF-5480-4F58-84D0-E36B4BBCC3BC}.Release|Any CPU.Build.0 = Release|Any CPU
	EndGlobalSection
	GlobalSection(SolutionProperties) = preSolution
		HideSolutionNode = FALSE
	EndGlobalSection
	GlobalSection(ExtensibilityGlobals) = postSolution
		SolutionGuid = {C3B79BAC-9D5E-43B2-A404-1544C9411411}
	EndGlobalSection
EndGlobal
