
Microsoft Visual Studio Solution File, Format Version 12.00
# Visual Studio Version 16
VisualStudioVersion = 16.0.29519.87
MinimumVisualStudioVersion = 10.0.40219.1
Project("{FAE04EC0-301F-11D3-BF4B-00C04F79EFBC}") = "Classes-5", "Classes-5.csproj", "{C8AB4B4A-A867-4295-8AF2-A511DF117E03}"
EndProject
Global
	GlobalSection(SolutionConfigurationPlatforms) = preSolution
		Debug|Any CPU = Debug|Any CPU
		Release|Any CPU = Release|Any CPU
	EndGlobalSection
	GlobalSection(ProjectConfigurationPlatforms) = postSolution
		{C8AB4B4A-A867-4295-8AF2-A511DF117E03}.Debug|Any CPU.ActiveCfg = Debug|Any CPU
		{C8AB4B4A-A867-4295-8AF2-A511DF117E03}.Debug|Any CPU.Build.0 = Debug|Any CPU
		{C8AB4B4A-A867-4295-8AF2-A511DF117E03}.Release|Any CPU.ActiveCfg = Release|Any CPU
		{C8AB4B4A-A867-4295-8AF2-A511DF117E03}.Release|Any CPU.Build.0 = Release|Any CPU
	EndGlobalSection
	GlobalSection(SolutionProperties) = preSolution
		HideSolutionNode = FALSE
	EndGlobalSection
	GlobalSection(ExtensibilityGlobals) = postSolution
		SolutionGuid = {A82C4C4A-AADF-4B3B-A75F-36EE43259613}
	EndGlobalSection
EndGlobal
