
Microsoft Visual Studio Solution File, Format Version 12.00
# Visual Studio Version 16
VisualStudioVersion = 16.0.29519.87
MinimumVisualStudioVersion = 10.0.40219.1
Project("{FAE04EC0-301F-11D3-BF4B-00C04F79EFBC}") = "StructVSClass", "StructVSClass.csproj", "{1A1A7C64-B95B-451E-A295-0F90867340F2}"
EndProject
Global
	GlobalSection(SolutionConfigurationPlatforms) = preSolution
		Debug|Any CPU = Debug|Any CPU
		Release|Any CPU = Release|Any CPU
	EndGlobalSection
	GlobalSection(ProjectConfigurationPlatforms) = postSolution
		{1A1A7C64-B95B-451E-A295-0F90867340F2}.Debug|Any CPU.ActiveCfg = Debug|Any CPU
		{1A1A7C64-B95B-451E-A295-0F90867340F2}.Debug|Any CPU.Build.0 = Debug|Any CPU
		{1A1A7C64-B95B-451E-A295-0F90867340F2}.Release|Any CPU.ActiveCfg = Release|Any CPU
		{1A1A7C64-B95B-451E-A295-0F90867340F2}.Release|Any CPU.Build.0 = Release|Any CPU
	EndGlobalSection
	GlobalSection(SolutionProperties) = preSolution
		HideSolutionNode = FALSE
	EndGlobalSection
	GlobalSection(ExtensibilityGlobals) = postSolution
		SolutionGuid = {4D1DD186-BB10-480F-855F-B62717D562D6}
	EndGlobalSection
EndGlobal
